# This file is generated by running "yarn install" inside your project.
# Manual changes might be lost - proceed with caution!

__metadata:
  version: 8
  cacheKey: 10c0

"assemblyscript@npm:^0.23.1":
  version: 0.23.1
  resolution: "assemblyscript@npm:0.23.1"
  dependencies:
    binaryen: "npm:110.0.0-nightly.20221105"
    long: "npm:^5.2.0"
  bin:
    asc: bin/asc.js
    asinit: bin/asinit.js
  checksum: 10c0/6c9fbe76d2afb18a4bffb4a10d1f61b29c03ce327f3f980b38c3cdab22a9210f24e0c7555c474628f36dcf56ac85f4fecac1b4cf0e81a23f9cbea671fd214969
  languageName: node
  linkType: hard

"binaryen@npm:110.0.0-nightly.20221105":
  version: 110.0.0-nightly.20221105
  resolution: "binaryen@npm:110.0.0-nightly.20221105"
  bin:
    wasm-opt: bin/wasm-opt
    wasm2js: bin/wasm2js
  checksum: 10c0/7979b71a2571c1dfc82d503e5acd356b4cad420eb603a2c5f1d9cf2e2e97de3f1d7526d64d9aaf8336d5d51eb88cd7321edf42e2ba7b631cc58d81e1156f1813
  languageName: node
  linkType: hard

"long@npm:^5.2.0":
  version: 5.2.1
  resolution: "long@npm:5.2.1"
  checksum: 10c0/8252ef50b567aa062059d056dab5077c7bfaf8bd4598bcf96ccb61a27ebc0e879d267137f1c5d293dc259d658033013322931793a9de3f3388e4cda1fb91f79d
  languageName: node
  linkType: hard

"root-workspace-0b6124@workspace:.":
  version: 0.0.0-use.local
  resolution: "root-workspace-0b6124@workspace:."
  dependencies:
    assemblyscript: "npm:^0.23.1"
  languageName: unknown
  linkType: soft
